PODS:
  - Alamofire (4.8.2)
  - Kingfisher (4.10.1)

DEPENDENCIES:
  - Alamofire
  - Kingfisher

SPEC REPOS:
  https://github.com/cocoapods/specs.git:
    - Alamofire
    - Kingfisher

SPEC CHECKSUMS:
  Alamofire: ae5c501addb7afdbb13687d7f2f722c78734c2d3
  Kingfisher: c148cd7b47ebde9989f6bc7c27dcaa79d81279a0

PODFILE CHECKSUM: 02daa959cbc7f4a5a5c0836b8c57c3d39b3aedac

COCOAPODS: 1.6.1
