// !$*UTF8*$!
{
	archiveVersion = 1;
	classes = {
	};
	objectVersion = 50;
	objects = {

/* Begin PBXBuildFile section */
		356604BA23CC3C1B00019B26 /* Assets.xcassets in Resources */ = {isa = PBXBuildFile; fileRef = 356604B923CC3C1B00019B26 /* Assets.xcassets */; };
		356604BF23CC3C8D00019B26 /* AppDelegate.swift in Sources */ = {isa = PBXBuildFile; fileRef = 356604BC23CC3C8D00019B26 /* AppDelegate.swift */; };
		35AF547B23CC477A00EA9E59 /* BaseViewController.swift in Sources */ = {isa = PBXBuildFile; fileRef = 35AF547A23CC477A00EA9E59 /* BaseViewController.swift */; };
		35AF547D23CC47B400EA9E59 /* BaseViewModel.swift in Sources */ = {isa = PBXBuildFile; fileRef = 35AF547C23CC47B400EA9E59 /* BaseViewModel.swift */; };
		35AF548323CC4B9900EA9E59 /* UrlGeneratorUtil.swift in Sources */ = {isa = PBXBuildFile; fileRef = 35AF548023CC4B9900EA9E59 /* UrlGeneratorUtil.swift */; };
		35AF548423CC4B9900EA9E59 /* WebServicesMappingUtil.swift in Sources */ = {isa = PBXBuildFile; fileRef = 35AF548123CC4B9900EA9E59 /* WebServicesMappingUtil.swift */; };
		35AF548523CC4B9900EA9E59 /* HttpNetworkingUtil.swift in Sources */ = {isa = PBXBuildFile; fileRef = 35AF548223CC4B9900EA9E59 /* HttpNetworkingUtil.swift */; };
		35FA58B423CC4F490047FFC6 /* Structs.swift in Sources */ = {isa = PBXBuildFile; fileRef = 35FA58B223CC4F490047FFC6 /* Structs.swift */; };
		35FA58B523CC4F490047FFC6 /* Enum.swift in Sources */ = {isa = PBXBuildFile; fileRef = 35FA58B323CC4F490047FFC6 /* Enum.swift */; };
		35FA58B823CC50C70047FFC6 /* TableData.swift in Sources */ = {isa = PBXBuildFile; fileRef = 35FA58B723CC50C70047FFC6 /* TableData.swift */; };
		35FA58BA23CC5BB40047FFC6 /* Dynamic.swift in Sources */ = {isa = PBXBuildFile; fileRef = 35FA58B923CC5BB40047FFC6 /* Dynamic.swift */; };
		35FA58BE23CC6F100047FFC6 /* BaseTableViewCell.swift in Sources */ = {isa = PBXBuildFile; fileRef = 35FA58BD23CC6F100047FFC6 /* BaseTableViewCell.swift */; };
		35FA58C023CC6FA10047FFC6 /* BaseCellViewModel.swift in Sources */ = {isa = PBXBuildFile; fileRef = 35FA58BF23CC6FA10047FFC6 /* BaseCellViewModel.swift */; };
		35FA58C323CC8B580047FFC6 /* UIImageView.swift in Sources */ = {isa = PBXBuildFile; fileRef = 35FA58C223CC8B580047FFC6 /* UIImageView.swift */; };
		35FA58C723CC970F0047FFC6 /* BaseLabel.swift in Sources */ = {isa = PBXBuildFile; fileRef = 35FA58C623CC970F0047FFC6 /* BaseLabel.swift */; };
		7703C623C6326990B4118944 /* Pods_TableviewDemo.framework in Frameworks */ = {isa = PBXBuildFile; fileRef = 5CEB5C55211442FD3AD727C7 /* Pods_TableviewDemo.framework */; };
/* End PBXBuildFile section */

/* Begin PBXFileReference section */
		27DDD73AE80BC77A70EF1E51 /* Pods-TableviewDemo.debug.xcconfig */ = {isa = PBXFileReference; includeInIndex = 1; lastKnownFileType = text.xcconfig; name = "Pods-TableviewDemo.debug.xcconfig"; path = "Target Support Files/Pods-TableviewDemo/Pods-TableviewDemo.debug.xcconfig"; sourceTree = "<group>"; };
		3566049523CC39DC00019B26 /* TableviewDemo.app */ = {isa = PBXFileReference; explicitFileType = wrapper.application; includeInIndex = 0; path = TableviewDemo.app; sourceTree = BUILT_PRODUCTS_DIR; };
		356604B923CC3C1B00019B26 /* Assets.xcassets */ = {isa = PBXFileReference; lastKnownFileType = folder.assetcatalog; path = Assets.xcassets; sourceTree = "<group>"; };
		356604BC23CC3C8D00019B26 /* AppDelegate.swift */ = {isa = PBXFileReference; fileEncoding = 4; lastKnownFileType = sourcecode.swift; path = AppDelegate.swift; sourceTree = "<group>"; };
		356604C123CC3D0400019B26 /* Info.plist */ = {isa = PBXFileReference; fileEncoding = 4; lastKnownFileType = text.plist.xml; path = Info.plist; sourceTree = "<group>"; };
		35AF547A23CC477A00EA9E59 /* BaseViewController.swift */ = {isa = PBXFileReference; fileEncoding = 4; lastKnownFileType = sourcecode.swift; path = BaseViewController.swift; sourceTree = "<group>"; };
		35AF547C23CC47B400EA9E59 /* BaseViewModel.swift */ = {isa = PBXFileReference; lastKnownFileType = sourcecode.swift; path = BaseViewModel.swift; sourceTree = "<group>"; };
		35AF548023CC4B9900EA9E59 /* UrlGeneratorUtil.swift */ = {isa = PBXFileReference; fileEncoding = 4; lastKnownFileType = sourcecode.swift; path = UrlGeneratorUtil.swift; sourceTree = "<group>"; };
		35AF548123CC4B9900EA9E59 /* WebServicesMappingUtil.swift */ = {isa = PBXFileReference; fileEncoding = 4; lastKnownFileType = sourcecode.swift; path = WebServicesMappingUtil.swift; sourceTree = "<group>"; };
		35AF548223CC4B9900EA9E59 /* HttpNetworkingUtil.swift */ = {isa = PBXFileReference; fileEncoding = 4; lastKnownFileType = sourcecode.swift; path = HttpNetworkingUtil.swift; sourceTree = "<group>"; };
		35FA58B223CC4F490047FFC6 /* Structs.swift */ = {isa = PBXFileReference; fileEncoding = 4; lastKnownFileType = sourcecode.swift; path = Structs.swift; sourceTree = "<group>"; };
		35FA58B323CC4F490047FFC6 /* Enum.swift */ = {isa = PBXFileReference; fileEncoding = 4; lastKnownFileType = sourcecode.swift; path = Enum.swift; sourceTree = "<group>"; };
		35FA58B723CC50C70047FFC6 /* TableData.swift */ = {isa = PBXFileReference; lastKnownFileType = sourcecode.swift; path = TableData.swift; sourceTree = "<group>"; };
		35FA58B923CC5BB40047FFC6 /* Dynamic.swift */ = {isa = PBXFileReference; lastKnownFileType = sourcecode.swift; path = Dynamic.swift; sourceTree = "<group>"; };
		35FA58BD23CC6F100047FFC6 /* BaseTableViewCell.swift */ = {isa = PBXFileReference; lastKnownFileType = sourcecode.swift; path = BaseTableViewCell.swift; sourceTree = "<group>"; };
		35FA58BF23CC6FA10047FFC6 /* BaseCellViewModel.swift */ = {isa = PBXFileReference; lastKnownFileType = sourcecode.swift; path = BaseCellViewModel.swift; sourceTree = "<group>"; };
		35FA58C223CC8B580047FFC6 /* UIImageView.swift */ = {isa = PBXFileReference; lastKnownFileType = sourcecode.swift; path = UIImageView.swift; sourceTree = "<group>"; };
		35FA58C623CC970F0047FFC6 /* BaseLabel.swift */ = {isa = PBXFileReference; lastKnownFileType = sourcecode.swift; path = BaseLabel.swift; sourceTree = "<group>"; };
		5245DD3C721C5EE5E75AA38B /* Pods-TableviewDemo.release.xcconfig */ = {isa = PBXFileReference; includeInIndex = 1; lastKnownFileType = text.xcconfig; name = "Pods-TableviewDemo.release.xcconfig"; path = "Target Support Files/Pods-TableviewDemo/Pods-TableviewDemo.release.xcconfig"; sourceTree = "<group>"; };
		5CEB5C55211442FD3AD727C7 /* Pods_TableviewDemo.framework */ = {isa = PBXFileReference; explicitFileType = wrapper.framework; includeInIndex = 0; path = Pods_TableviewDemo.framework; sourceTree = BUILT_PRODUCTS_DIR; };
/* End PBXFileReference section */

/* Begin PBXFrameworksBuildPhase section */
		3566049223CC39DC00019B26 /* Frameworks */ = {
			isa = PBXFrameworksBuildPhase;
			buildActionMask = 2147483647;
			files = (
				7703C623C6326990B4118944 /* Pods_TableviewDemo.framework in Frameworks */,
			);
			runOnlyForDeploymentPostprocessing = 0;
		};
/* End PBXFrameworksBuildPhase section */

/* Begin PBXGroup section */
		3566048C23CC39DC00019B26 = {
			isa = PBXGroup;
			children = (
				3566049723CC39DC00019B26 /* TableviewDemo */,
				3566049623CC39DC00019B26 /* Products */,
				41DA6FBEC547946B86130984 /* Pods */,
				DF56B424EC1E1D511C895BE2 /* Frameworks */,
			);
			sourceTree = "<group>";
		};
		3566049623CC39DC00019B26 /* Products */ = {
			isa = PBXGroup;
			children = (
				3566049523CC39DC00019B26 /* TableviewDemo.app */,
			);
			name = Products;
			sourceTree = "<group>";
		};
		3566049723CC39DC00019B26 /* TableviewDemo */ = {
			isa = PBXGroup;
			children = (
				35FA58C423CC96F70047FFC6 /* Custom Components */,
				35FA58C123CC8B490047FFC6 /* Extension */,
				356604BB23CC3C8D00019B26 /* Application */,
				35FA58BB23CC6EB60047FFC6 /* Custom Cells */,
				356604C123CC3D0400019B26 /* Info.plist */,
				35FA58B623CC4FC50047FFC6 /* Model */,
				356604B823CC3C1B00019B26 /* Resources */,
				35FA58B123CC4F490047FFC6 /* StructAndEnum */,
				35AF547E23CC4B9900EA9E59 /* Utils */,
				35AF547623CC45B600EA9E59 /* ViewControllers */,
			);
			path = TableviewDemo;
			sourceTree = "<group>";
		};
		356604B823CC3C1B00019B26 /* Resources */ = {
			isa = PBXGroup;
			children = (
				356604B923CC3C1B00019B26 /* Assets.xcassets */,
			);
			path = Resources;
			sourceTree = "<group>";
		};
		356604BB23CC3C8D00019B26 /* Application */ = {
			isa = PBXGroup;
			children = (
				356604BC23CC3C8D00019B26 /* AppDelegate.swift */,
			);
			path = Application;
			sourceTree = "<group>";
		};
		35AF547623CC45B600EA9E59 /* ViewControllers */ = {
			isa = PBXGroup;
			children = (
				35AF547923CC477A00EA9E59 /* BaseViewController */,
			);
			path = ViewControllers;
			sourceTree = "<group>";
		};
		35AF547923CC477A00EA9E59 /* BaseViewController */ = {
			isa = PBXGroup;
			children = (
				35AF547A23CC477A00EA9E59 /* BaseViewController.swift */,
				35AF547C23CC47B400EA9E59 /* BaseViewModel.swift */,
			);
			path = BaseViewController;
			sourceTree = "<group>";
		};
		35AF547E23CC4B9900EA9E59 /* Utils */ = {
			isa = PBXGroup;
			children = (
				35AF547F23CC4B9900EA9E59 /* HttpNetworkingUtil */,
				35FA58B923CC5BB40047FFC6 /* Dynamic.swift */,
			);
			path = Utils;
			sourceTree = "<group>";
		};
		35AF547F23CC4B9900EA9E59 /* HttpNetworkingUtil */ = {
			isa = PBXGroup;
			children = (
				35AF548023CC4B9900EA9E59 /* UrlGeneratorUtil.swift */,
				35AF548123CC4B9900EA9E59 /* WebServicesMappingUtil.swift */,
				35AF548223CC4B9900EA9E59 /* HttpNetworkingUtil.swift */,
			);
			path = HttpNetworkingUtil;
			sourceTree = "<group>";
		};
		35FA58B123CC4F490047FFC6 /* StructAndEnum */ = {
			isa = PBXGroup;
			children = (
				35FA58B223CC4F490047FFC6 /* Structs.swift */,
				35FA58B323CC4F490047FFC6 /* Enum.swift */,
			);
			path = StructAndEnum;
			sourceTree = "<group>";
		};
		35FA58B623CC4FC50047FFC6 /* Model */ = {
			isa = PBXGroup;
			children = (
				35FA58B723CC50C70047FFC6 /* TableData.swift */,
			);
			path = Model;
			sourceTree = "<group>";
		};
		35FA58BB23CC6EB60047FFC6 /* Custom Cells */ = {
			isa = PBXGroup;
			children = (
				35FA58BC23CC6EB60047FFC6 /* Tableview Cells */,
			);
			path = "Custom Cells";
			sourceTree = "<group>";
		};
		35FA58BC23CC6EB60047FFC6 /* Tableview Cells */ = {
			isa = PBXGroup;
			children = (
				35FA58BD23CC6F100047FFC6 /* BaseTableViewCell.swift */,
				35FA58BF23CC6FA10047FFC6 /* BaseCellViewModel.swift */,
			);
			path = "Tableview Cells";
			sourceTree = "<group>";
		};
		35FA58C123CC8B490047FFC6 /* Extension */ = {
			isa = PBXGroup;
			children = (
				35FA58C223CC8B580047FFC6 /* UIImageView.swift */,
			);
			path = Extension;
			sourceTree = "<group>";
		};
		35FA58C423CC96F70047FFC6 /* Custom Components */ = {
			isa = PBXGroup;
			children = (
				35FA58C523CC96F70047FFC6 /* UILabel */,
			);
			path = "Custom Components";
			sourceTree = "<group>";
		};
		35FA58C523CC96F70047FFC6 /* UILabel */ = {
			isa = PBXGroup;
			children = (
				35FA58C623CC970F0047FFC6 /* BaseLabel.swift */,
			);
			path = UILabel;
			sourceTree = "<group>";
		};
		41DA6FBEC547946B86130984 /* Pods */ = {
			isa = PBXGroup;
			children = (
				27DDD73AE80BC77A70EF1E51 /* Pods-TableviewDemo.debug.xcconfig */,
				5245DD3C721C5EE5E75AA38B /* Pods-TableviewDemo.release.xcconfig */,
			);
			path = Pods;
			sourceTree = "<group>";
		};
		DF56B424EC1E1D511C895BE2 /* Frameworks */ = {
			isa = PBXGroup;
			children = (
				5CEB5C55211442FD3AD727C7 /* Pods_TableviewDemo.framework */,
			);
			name = Frameworks;
			sourceTree = "<group>";
		};
/* End PBXGroup section */

/* Begin PBXNativeTarget section */
		3566049423CC39DC00019B26 /* TableviewDemo */ = {
			isa = PBXNativeTarget;
			buildConfigurationList = 356604A723CC39E100019B26 /* Build configuration list for PBXNativeTarget "TableviewDemo" */;
			buildPhases = (
				4F8059B70C1883C4F2264217 /* [CP] Check Pods Manifest.lock */,
				3566049123CC39DC00019B26 /* Sources */,
				3566049223CC39DC00019B26 /* Frameworks */,
				3566049323CC39DC00019B26 /* Resources */,
				37016D748421265265169B01 /* [CP] Embed Pods Frameworks */,
			);
			buildRules = (
			);
			dependencies = (
			);
			name = TableviewDemo;
			productName = TableviewDemo;
			productReference = 3566049523CC39DC00019B26 /* TableviewDemo.app */;
			productType = "com.apple.product-type.application";
		};
/* End PBXNativeTarget section */

/* Begin PBXProject section */
		3566048D23CC39DC00019B26 /* Project object */ = {
			isa = PBXProject;
			attributes = {
				LastSwiftUpdateCheck = 1000;
				LastUpgradeCheck = 1000;
				ORGANIZATIONNAME = Accenture;
				TargetAttributes = {
					3566049423CC39DC00019B26 = {
						CreatedOnToolsVersion = 10.0;
					};
				};
			};
			buildConfigurationList = 3566049023CC39DC00019B26 /* Build configuration list for PBXProject "TableviewDemo" */;
			compatibilityVersion = "Xcode 9.3";
			developmentRegion = en;
			hasScannedForEncodings = 0;
			knownRegions = (
				en,
				Base,
			);
			mainGroup = 3566048C23CC39DC00019B26;
			productRefGroup = 3566049623CC39DC00019B26 /* Products */;
			projectDirPath = "";
			projectRoot = "";
			targets = (
				3566049423CC39DC00019B26 /* TableviewDemo */,
			);
		};
/* End PBXProject section */

/* Begin PBXResourcesBuildPhase section */
		3566049323CC39DC00019B26 /* Resources */ = {
			isa = PBXResourcesBuildPhase;
			buildActionMask = 2147483647;
			files = (
				356604BA23CC3C1B00019B26 /* Assets.xcassets in Resources */,
			);
			runOnlyForDeploymentPostprocessing = 0;
		};
/* End PBXResourcesBuildPhase section */

/* Begin PBXShellScriptBuildPhase section */
		37016D748421265265169B01 /* [CP] Embed Pods Frameworks */ = {
			isa = PBXShellScriptBuildPhase;
			buildActionMask = 2147483647;
			files = (
			);
			inputFileListPaths = (
			);
			inputPaths = (
				"${PODS_ROOT}/Target Support Files/Pods-TableviewDemo/Pods-TableviewDemo-frameworks.sh",
				"${BUILT_PRODUCTS_DIR}/Alamofire/Alamofire.framework",
				"${BUILT_PRODUCTS_DIR}/Kingfisher/Kingfisher.framework",
				"${BUILT_PRODUCTS_DIR}/ObjectMapper/ObjectMapper.framework",
			);
			name = "[CP] Embed Pods Frameworks";
			outputFileListPaths = (
			);
			outputPaths = (
				"${TARGET_BUILD_DIR}/${FRAMEWORKS_FOLDER_PATH}/Alamofire.framework",
				"${TARGET_BUILD_DIR}/${FRAMEWORKS_FOLDER_PATH}/Kingfisher.framework",
				"${TARGET_BUILD_DIR}/${FRAMEWORKS_FOLDER_PATH}/ObjectMapper.framework",
			);
			runOnlyForDeploymentPostprocessing = 0;
			shellPath = /bin/sh;
			shellScript = "\"${PODS_ROOT}/Target Support Files/Pods-TableviewDemo/Pods-TableviewDemo-frameworks.sh\"\n";
			showEnvVarsInLog = 0;
		};
		4F8059B70C1883C4F2264217 /* [CP] Check Pods Manifest.lock */ = {
			isa = PBXShellScriptBuildPhase;
			buildActionMask = 2147483647;
			files = (
			);
			inputFileListPaths = (
			);
			inputPaths = (
				"${PODS_PODFILE_DIR_PATH}/Podfile.lock",
				"${PODS_ROOT}/Manifest.lock",
			);
			name = "[CP] Check Pods Manifest.lock";
			outputFileListPaths = (
			);
			outputPaths = (
				"$(DERIVED_FILE_DIR)/Pods-TableviewDemo-checkManifestLockResult.txt",
			);
			runOnlyForDeploymentPostprocessing = 0;
			shellPath = /bin/sh;
			shellScript = "diff \"${PODS_PODFILE_DIR_PATH}/Podfile.lock\" \"${PODS_ROOT}/Manifest.lock\" > /dev/null\nif [ $? != 0 ] ; then\n    # print error to STDERR\n    echo \"error: The sandbox is not in sync with the Podfile.lock. Run 'pod install' or update your CocoaPods installation.\" >&2\n    exit 1\nfi\n# This output is used by Xcode 'outputs' to avoid re-running this script phase.\necho \"SUCCESS\" > \"${SCRIPT_OUTPUT_FILE_0}\"\n";
			showEnvVarsInLog = 0;
		};
/* End PBXShellScriptBuildPhase section */

/* Begin PBXSourcesBuildPhase section */
		3566049123CC39DC00019B26 /* Sources */ = {
			isa = PBXSourcesBuildPhase;
			buildActionMask = 2147483647;
			files = (
				35AF547B23CC477A00EA9E59 /* BaseViewController.swift in Sources */,
				35FA58C723CC970F0047FFC6 /* BaseLabel.swift in Sources */,
				35FA58C023CC6FA10047FFC6 /* BaseCellViewModel.swift in Sources */,
				35FA58BA23CC5BB40047FFC6 /* Dynamic.swift in Sources */,
				35FA58C323CC8B580047FFC6 /* UIImageView.swift in Sources */,
				35AF548523CC4B9900EA9E59 /* HttpNetworkingUtil.swift in Sources */,
				35FA58B523CC4F490047FFC6 /* Enum.swift in Sources */,
				35FA58B823CC50C70047FFC6 /* TableData.swift in Sources */,
				35FA58BE23CC6F100047FFC6 /* BaseTableViewCell.swift in Sources */,
				35AF548423CC4B9900EA9E59 /* WebServicesMappingUtil.swift in Sources */,
				35FA58B423CC4F490047FFC6 /* Structs.swift in Sources */,
				35AF548323CC4B9900EA9E59 /* UrlGeneratorUtil.swift in Sources */,
				356604BF23CC3C8D00019B26 /* AppDelegate.swift in Sources */,
				35AF547D23CC47B400EA9E59 /* BaseViewModel.swift in Sources */,
			);
			runOnlyForDeploymentPostprocessing = 0;
		};
/* End PBXSourcesBuildPhase section */

/* Begin XCBuildConfiguration section */
		356604A523CC39E100019B26 /* Debug */ = {
			isa = XCBuildConfiguration;
			buildSettings = {
				ALWAYS_SEARCH_USER_PATHS = NO;
				CLANG_ANALYZER_NONNULL = YES;
				CLANG_ANALYZER_NUMBER_OBJECT_CONVERSION = YES_AGGRESSIVE;
				CLANG_CXX_LANGUAGE_STANDARD = "gnu++14";
				CLANG_CXX_LIBRARY = "libc++";
				CLANG_ENABLE_MODULES = YES;
				CLANG_ENABLE_OBJC_ARC = YES;
				CLANG_ENABLE_OBJC_WEAK = YES;
				CLANG_WARN_BLOCK_CAPTURE_AUTORELEASING = YES;
				CLANG_WARN_BOOL_CONVERSION = YES;
				CLANG_WARN_COMMA = YES;
				CLANG_WARN_CONSTANT_CONVERSION = YES;
				CLANG_WARN_DEPRECATED_OBJC_IMPLEMENTATIONS = YES;
				CLANG_WARN_DIRECT_OBJC_ISA_USAGE = YES_ERROR;
				CLANG_WARN_DOCUMENTATION_COMMENTS = YES;
				CLANG_WARN_EMPTY_BODY = YES;
				CLANG_WARN_ENUM_CONVERSION = YES;
				CLANG_WARN_INFINITE_RECURSION = YES;
				CLANG_WARN_INT_CONVERSION = YES;
				CLANG_WARN_NON_LITERAL_NULL_CONVERSION = YES;
				CLANG_WARN_OBJC_IMPLICIT_RETAIN_SELF = YES;
				CLANG_WARN_OBJC_LITERAL_CONVERSION = YES;
				CLANG_WARN_OBJC_ROOT_CLASS = YES_ERROR;
				CLANG_WARN_RANGE_LOOP_ANALYSIS = YES;
				CLANG_WARN_STRICT_PROTOTYPES = YES;
				CLANG_WARN_SUSPICIOUS_MOVE = YES;
				CLANG_WARN_UNGUARDED_AVAILABILITY = YES_AGGRESSIVE;
				CLANG_WARN_UNREACHABLE_CODE = YES;
				CLANG_WARN__DUPLICATE_METHOD_MATCH = YES;
				CODE_SIGN_IDENTITY = "iPhone Developer";
				COPY_PHASE_STRIP = NO;
				DEBUG_INFORMATION_FORMAT = dwarf;
				ENABLE_STRICT_OBJC_MSGSEND = YES;
				ENABLE_TESTABILITY = YES;
				GCC_C_LANGUAGE_STANDARD = gnu11;
				GCC_DYNAMIC_NO_PIC = NO;
				GCC_NO_COMMON_BLOCKS = YES;
				GCC_OPTIMIZATION_LEVEL = 0;
				GCC_PREPROCESSOR_DEFINITIONS = (
					"DEBUG=1",
					"$(inherited)",
				);
				GCC_WARN_64_TO_32_BIT_CONVERSION = YES;
				GCC_WARN_ABOUT_RETURN_TYPE = YES_ERROR;
				GCC_WARN_UNDECLARED_SELECTOR = YES;
				GCC_WARN_UNINITIALIZED_AUTOS = YES_AGGRESSIVE;
				GCC_WARN_UNUSED_FUNCTION = YES;
				GCC_WARN_UNUSED_VARIABLE = YES;
				IPHONEOS_DEPLOYMENT_TARGET = 11.0;
				MTL_ENABLE_DEBUG_INFO = INCLUDE_SOURCE;
				MTL_FAST_MATH = YES;
				ONLY_ACTIVE_ARCH = YES;
				SDKROOT = iphoneos;
				SWIFT_ACTIVE_COMPILATION_CONDITIONS = DEBUG;
				SWIFT_OPTIMIZATION_LEVEL = "-Onone";
			};
			name = Debug;
		};
		356604A623CC39E100019B26 /* Release */ = {
			isa = XCBuildConfiguration;
			buildSettings = {
				ALWAYS_SEARCH_USER_PATHS = NO;
				CLANG_ANALYZER_NONNULL = YES;
				CLANG_ANALYZER_NUMBER_OBJECT_CONVERSION = YES_AGGRESSIVE;
				CLANG_CXX_LANGUAGE_STANDARD = "gnu++14";
				CLANG_CXX_LIBRARY = "libc++";
				CLANG_ENABLE_MODULES = YES;
				CLANG_ENABLE_OBJC_ARC = YES;
				CLANG_ENABLE_OBJC_WEAK = YES;
				CLANG_WARN_BLOCK_CAPTURE_AUTORELEASING = YES;
				CLANG_WARN_BOOL_CONVERSION = YES;
				CLANG_WARN_COMMA = YES;
				CLANG_WARN_CONSTANT_CONVERSION = YES;
				CLANG_WARN_DEPRECATED_OBJC_IMPLEMENTATIONS = YES;
				CLANG_WARN_DIRECT_OBJC_ISA_USAGE = YES_ERROR;
				CLANG_WARN_DOCUMENTATION_COMMENTS = YES;
				CLANG_WARN_EMPTY_BODY = YES;
				CLANG_WARN_ENUM_CONVERSION = YES;
				CLANG_WARN_INFINITE_RECURSION = YES;
				CLANG_WARN_INT_CONVERSION = YES;
				CLANG_WARN_NON_LITERAL_NULL_CONVERSION = YES;
				CLANG_WARN_OBJC_IMPLICIT_RETAIN_SELF = YES;
				CLANG_WARN_OBJC_LITERAL_CONVERSION = YES;
				CLANG_WARN_OBJC_ROOT_CLASS = YES_ERROR;
				CLANG_WARN_RANGE_LOOP_ANALYSIS = YES;
				CLANG_WARN_STRICT_PROTOTYPES = YES;
				CLANG_WARN_SUSPICIOUS_MOVE = YES;
				CLANG_WARN_UNGUARDED_AVAILABILITY = YES_AGGRESSIVE;
				CLANG_WARN_UNREACHABLE_CODE = YES;
				CLANG_WARN__DUPLICATE_METHOD_MATCH = YES;
				CODE_SIGN_IDENTITY = "iPhone Developer";
				COPY_PHASE_STRIP = NO;
				DEBUG_INFORMATION_FORMAT = "dwarf-with-dsym";
				ENABLE_NS_ASSERTIONS = NO;
				ENABLE_STRICT_OBJC_MSGSEND = YES;
				GCC_C_LANGUAGE_STANDARD = gnu11;
				GCC_NO_COMMON_BLOCKS = YES;
				GCC_WARN_64_TO_32_BIT_CONVERSION = YES;
				GCC_WARN_ABOUT_RETURN_TYPE = YES_ERROR;
				GCC_WARN_UNDECLARED_SELECTOR = YES;
				GCC_WARN_UNINITIALIZED_AUTOS = YES_AGGRESSIVE;
				GCC_WARN_UNUSED_FUNCTION = YES;
				GCC_WARN_UNUSED_VARIABLE = YES;
				IPHONEOS_DEPLOYMENT_TARGET = 11.0;
				MTL_ENABLE_DEBUG_INFO = NO;
				MTL_FAST_MATH = YES;
				SDKROOT = iphoneos;
				SWIFT_COMPILATION_MODE = wholemodule;
				SWIFT_OPTIMIZATION_LEVEL = "-O";
				VALIDATE_PRODUCT = YES;
			};
			name = Release;
		};
		356604A823CC39E100019B26 /* Debug */ = {
			isa = XCBuildConfiguration;
			baseConfigurationReference = 27DDD73AE80BC77A70EF1E51 /* Pods-TableviewDemo.debug.xcconfig */;
			buildSettings = {
				ASSETCATALOG_COMPILER_APPICON_NAME = AppIcon;
				CODE_SIGN_STYLE = Manual;
				DEVELOPMENT_TEAM = "";
				INFOPLIST_FILE = TableviewDemo/Info.plist;
				LD_RUNPATH_SEARCH_PATHS = (
					"$(inherited)",
					"@executable_path/Frameworks",
				);
				PRODUCT_BUNDLE_IDENTIFIER = Accenture.TableviewDemo;
				PRODUCT_NAME = "$(TARGET_NAME)";
				PROVISIONING_PROFILE_SPECIFIER = "";
				SWIFT_VERSION = 4.2;
				TARGETED_DEVICE_FAMILY = "1,2";
			};
			name = Debug;
		};
		356604A923CC39E100019B26 /* Release */ = {
			isa = XCBuildConfiguration;
			baseConfigurationReference = 5245DD3C721C5EE5E75AA38B /* Pods-TableviewDemo.release.xcconfig */;
			buildSettings = {
				ASSETCATALOG_COMPILER_APPICON_NAME = AppIcon;
				CODE_SIGN_STYLE = Manual;
				DEVELOPMENT_TEAM = "";
				INFOPLIST_FILE = TableviewDemo/Info.plist;
				LD_RUNPATH_SEARCH_PATHS = (
					"$(inherited)",
					"@executable_path/Frameworks",
				);
				PRODUCT_BUNDLE_IDENTIFIER = Accenture.TableviewDemo;
				PRODUCT_NAME = "$(TARGET_NAME)";
				PROVISIONING_PROFILE_SPECIFIER = "";
				SWIFT_VERSION = 4.2;
				TARGETED_DEVICE_FAMILY = "1,2";
			};
			name = Release;
		};
/* End XCBuildConfiguration section */

/* Begin XCConfigurationList section */
		3566049023CC39DC00019B26 /* Build configuration list for PBXProject "TableviewDemo" */ = {
			isa = XCConfigurationList;
			buildConfigurations = (
				356604A523CC39E100019B26 /* Debug */,
				356604A623CC39E100019B26 /* Release */,
			);
			defaultConfigurationIsVisible = 0;
			defaultConfigurationName = Release;
		};
		356604A723CC39E100019B26 /* Build configuration list for PBXNativeTarget "TableviewDemo" */ = {
			isa = XCConfigurationList;
			buildConfigurations = (
				356604A823CC39E100019B26 /* Debug */,
				356604A923CC39E100019B26 /* Release */,
			);
			defaultConfigurationIsVisible = 0;
			defaultConfigurationName = Release;
		};
/* End XCConfigurationList section */
	};
	rootObject = 3566048D23CC39DC00019B26 /* Project object */;
}
